// !$*UTF8*$!
{
	archiveVersion = 1;
	classes = {
	};
	objectVersion = 56;
	objects = {

/* Begin PBXBuildFile section */
		890DE39F290DA12B00C6F86C /* AppDelegate.swift in Sources */ = {isa = PBXBuildFile; fileRef = 890DE39E290DA12B00C6F86C /* AppDelegate.swift */; };
		890DE3A1290DA12B00C6F86C /* SceneDelegate.swift in Sources */ = {isa = PBXBuildFile; fileRef = 890DE3A0290DA12B00C6F86C /* SceneDelegate.swift */; };
		890DE3A3290DA12B00C6F86C /* ViewController.swift in Sources */ = {isa = PBXBuildFile; fileRef = 890DE3A2290DA12B00C6F86C /* ViewController.swift */; };
		890DE3A6290DA12C00C6F86C /* Main.storyboard in Resources */ = {isa = PBXBuildFile; fileRef = 890DE3A4290DA12C00C6F86C /* Main.storyboard */; };
		890DE3A8290DA12F00C6F86C /* Assets.xcassets in Resources */ = {isa = PBXBuildFile; fileRef = 890DE3A7290DA12F00C6F86C /* Assets.xcassets */; };
		890DE3AB290DA12F00C6F86C /* LaunchScreen.storyboard in Resources */ = {isa = PBXBuildFile; fileRef = 890DE3A9290DA12F00C6F86C /* LaunchScreen.storyboard */; };
		890DE3B3290DA1E600C6F86C /* Arithmetic.swift in Sources */ = {isa = PBXBuildFile; fileRef = 890DE3B2290DA1E600C6F86C /* Arithmetic.swift */; };
		890DE3BB290DA4CC00C6F86C /* iOSUnitTestTests.swift in Sources */ = {isa = PBXBuildFile; fileRef = 890DE3BA290DA4CC00C6F86C /* iOSUnitTestTests.swift */; };
/* End PBXBuildFile section */

/* Begin PBXContainerItemProxy section */
		890DE3BC290DA4CC00C6F86C /* PBXContainerItemProxy */ = {
			isa = PBXContainerItemProxy;
			containerPortal = 890DE393290DA12B00C6F86C /* Project object */;
			proxyType = 1;
			remoteGlobalIDString = 890DE39A290DA12B00C6F86C;
			remoteInfo = iOSUnitTest;
		};
/* End PBXContainerItemProxy section */

/* Begin PBXFileReference section */
		890DE39B290DA12B00C6F86C /* iOSUnitTest.app */ = {isa = PBXFileReference; explicitFileType = wrapper.application; includeInIndex = 0; path = iOSUnitTest.app; sourceTree = BUILT_PRODUCTS_DIR; };
		890DE39E290DA12B00C6F86C /* AppDelegate.swift */ = {isa = PBXFileReference; lastKnownFileType = sourcecode.swift; path = AppDelegate.swift; sourceTree = "<group>"; };
		890DE3A0290DA12B00C6F86C /* SceneDelegate.swift */ = {isa = PBXFileReference; lastKnownFileType = sourcecode.swift; path = SceneDelegate.swift; sourceTree = "<group>"; };
		890DE3A2290DA12B00C6F86C /* ViewController.swift */ = {isa = PBXFileReference; lastKnownFileType = sourcecode.swift; path = ViewController.swift; sourceTree = "<group>"; };
		890DE3A5290DA12C00C6F86C /* Base */ = {isa = PBXFileReference; lastKnownFileType = file.storyboard; name = Base; path = Base.lproj/Main.storyboard; sourceTree = "<group>"; };
		890DE3A7290DA12F00C6F86C /* Assets.xcassets */ = {isa = PBXFileReference; lastKnownFileType = folder.assetcatalog; path = Assets.xcassets; sourceTree = "<group>"; };
		890DE3AA290DA12F00C6F86C /* Base */ = {isa = PBXFileReference; lastKnownFileType = file.storyboard; name = Base; path = Base.lproj/LaunchScreen.storyboard; sourceTree = "<group>"; };
		890DE3AC290DA12F00C6F86C /* Info.plist */ = {isa = PBXFileReference; lastKnownFileType = text.plist.xml; path = Info.plist; sourceTree = "<group>"; };
		890DE3B2290DA1E600C6F86C /* Arithmetic.swift */ = {isa = PBXFileReference; lastKnownFileType = sourcecode.swift; path = Arithmetic.swift; sourceTree = "<group>"; };
		890DE3B8290DA4CB00C6F86C /* iOSUnitTestTests.xctest */ = {isa = PBXFileReference; explicitFileType = wrapper.cfbundle; includeInIndex = 0; path = iOSUnitTestTests.xctest; sourceTree = BUILT_PRODUCTS_DIR; };
		890DE3BA290DA4CC00C6F86C /* iOSUnitTestTests.swift */ = {isa = PBXFileReference; lastKnownFileType = sourcecode.swift; path = iOSUnitTestTests.swift; sourceTree = "<group>"; };
/* End PBXFileReference section */

/* Begin PBXFrameworksBuildPhase section */
		890DE398290DA12B00C6F86C /* Frameworks */ = {
			isa = PBXFrameworksBuildPhase;
			buildActionMask = 2147483647;
			files = (
			);
			runOnlyForDeploymentPostprocessing = 0;
		};
		890DE3B5290DA4CB00C6F86C /* Frameworks */ = {
			isa = PBXFrameworksBuildPhase;
			buildActionMask = 2147483647;
			files = (
			);
			runOnlyForDeploymentPostprocessing = 0;
		};
/* End PBXFrameworksBuildPhase section */

/* Begin PBXGroup section */
		890DE392290DA12B00C6F86C = {
			isa = PBXGroup;
			children = (
				890DE39D290DA12B00C6F86C /* iOSUnitTest */,
				890DE3B9290DA4CC00C6F86C /* iOSUnitTestTests */,
				890DE39C290DA12B00C6F86C /* Products */,
			);
			sourceTree = "<group>";
		};
		890DE39C290DA12B00C6F86C /* Products */ = {
			isa = PBXGroup;
			children = (
				890DE39B290DA12B00C6F86C /* iOSUnitTest.app */,
				890DE3B8290DA4CB00C6F86C /* iOSUnitTestTests.xctest */,
			);
			name = Products;
			sourceTree = "<group>";
		};
		890DE39D290DA12B00C6F86C /* iOSUnitTest */ = {
			isa = PBXGroup;
			children = (
				890DE39E290DA12B00C6F86C /* AppDelegate.swift */,
				890DE3A0290DA12B00C6F86C /* SceneDelegate.swift */,
				890DE3A2290DA12B00C6F86C /* ViewController.swift */,
				890DE3A4290DA12C00C6F86C /* Main.storyboard */,
				890DE3A7290DA12F00C6F86C /* Assets.xcassets */,
				890DE3A9290DA12F00C6F86C /* LaunchScreen.storyboard */,
				890DE3AC290DA12F00C6F86C /* Info.plist */,
				890DE3B2290DA1E600C6F86C /* Arithmetic.swift */,
			);
			path = iOSUnitTest;
			sourceTree = "<group>";
		};
		890DE3B9290DA4CC00C6F86C /* iOSUnitTestTests */ = {
			isa = PBXGroup;
			children = (
				890DE3BA290DA4CC00C6F86C /* iOSUnitTestTests.swift */,
			);
			path = iOSUnitTestTests;
			sourceTree = "<group>";
		};
/* End PBXGroup section */

/* Begin PBXNativeTarget section */
		890DE39A290DA12B00C6F86C /* iOSUnitTest */ = {
			isa = PBXNativeTarget;
			buildConfigurationList = 890DE3AF290DA12F00C6F86C /* Build configuration list for PBXNativeTarget "iOSUnitTest" */;
			buildPhases = (
				890DE397290DA12B00C6F86C /* Sources */,
				890DE398290DA12B00C6F86C /* Frameworks */,
				890DE399290DA12B00C6F86C /* Resources */,
			);
			buildRules = (
			);
			dependencies = (
			);
			name = iOSUnitTest;
			productName = iOSUnitTest;
			productReference = 890DE39B290DA12B00C6F86C /* iOSUnitTest.app */;
			productType = "com.apple.product-type.application";
		};
		890DE3B7290DA4CB00C6F86C /* iOSUnitTestTests */ = {
			isa = PBXNativeTarget;
			buildConfigurationList = 890DE3BE290DA4CC00C6F86C /* Build configuration list for PBXNativeTarget "iOSUnitTestTests" */;
			buildPhases = (
				890DE3B4290DA4CB00C6F86C /* Sources */,
				890DE3B5290DA4CB00C6F86C /* Frameworks */,
				890DE3B6290DA4CB00C6F86C /* Resources */,
			);
			buildRules = (
			);
			dependencies = (
				890DE3BD290DA4CC00C6F86C /* PBXTargetDependency */,
			);
			name = iOSUnitTestTests;
			productName = iOSUnitTestTests;
			productReference = 890DE3B8290DA4CB00C6F86C /* iOSUnitTestTests.xctest */;
			productType = "com.apple.product-type.bundle.unit-test";
		};
/* End PBXNativeTarget section */

/* Begin PBXProject section */
		890DE393290DA12B00C6F86C /* Project object */ = {
			isa = PBXProject;
			attributes = {
				BuildIndependentTargetsInParallel = 1;
				LastSwiftUpdateCheck = 1400;
				LastUpgradeCheck = 1400;
				TargetAttributes = {
					890DE39A290DA12B00C6F86C = {
						CreatedOnToolsVersion = 14.0.1;
					};
					890DE3B7290DA4CB00C6F86C = {
						CreatedOnToolsVersion = 14.0.1;
						TestTargetID = 890DE39A290DA12B00C6F86C;
					};
				};
			};
			buildConfigurationList = 890DE396290DA12B00C6F86C /* Build configuration list for PBXProject "iOSUnitTest" */;
			compatibilityVersion = "Xcode 14.0";
			developmentRegion = en;
			hasScannedForEncodings = 0;
			knownRegions = (
				en,
				Base,
			);
			mainGroup = 890DE392290DA12B00C6F86C;
			productRefGroup = 890DE39C290DA12B00C6F86C /* Products */;
			projectDirPath = "";
			projectRoot = "";
			targets = (
				890DE39A290DA12B00C6F86C /* iOSUnitTest */,
				890DE3B7290DA4CB00C6F86C /* iOSUnitTestTests */,
			);
		};
/* End PBXProject section */

/* Begin PBXResourcesBuildPhase section */
		890DE399290DA12B00C6F86C /* Resources */ = {
			isa = PBXResourcesBuildPhase;
			buildActionMask = 2147483647;
			files = (
				890DE3AB290DA12F00C6F86C /* LaunchScreen.storyboard in Resources */,
				890DE3A8290DA12F00C6F86C /* Assets.xcassets in Resources */,
				890DE3A6290DA12C00C6F86C /* Main.storyboard in Resources */,
			);
			runOnlyForDeploymentPostprocessing = 0;
		};
		890DE3B6290DA4CB00C6F86C /* Resources */ = {
			isa = PBXResourcesBuildPhase;
			buildActionMask = 2147483647;
			files = (
			);
			runOnlyForDeploymentPostprocessing = 0;
		};
/* End PBXResourcesBuildPhase section */

/* Begin PBXSourcesBuildPhase section */
		890DE397290DA12B00C6F86C /* Sources */ = {
			isa = PBXSourcesBuildPhase;
			buildActionMask = 2147483647;
			files = (
				890DE3A3290DA12B00C6F86C /* ViewController.swift in Sources */,
				890DE3B3290DA1E600C6F86C /* Arithmetic.swift in Sources */,
				890DE39F290DA12B00C6F86C /* AppDelegate.swift in Sources */,
				890DE3A1290DA12B00C6F86C /* SceneDelegate.swift in Sources */,
			);
			runOnlyForDeploymentPostprocessing = 0;
		};
		890DE3B4290DA4CB00C6F86C /* Sources */ = {
			isa = PBXSourcesBuildPhase;
			buildActionMask = 2147483647;
			files = (
				890DE3BB290DA4CC00C6F86C /* iOSUnitTestTests.swift in Sources */,
			);
			runOnlyForDeploymentPostprocessing = 0;
		};
/* End PBXSourcesBuildPhase section */

/* Begin PBXTargetDependency section */
		890DE3BD290DA4CC00C6F86C /* PBXTargetDependency */ = {
			isa = PBXTargetDependency;
			target = 890DE39A290DA12B00C6F86C /* iOSUnitTest */;
			targetProxy = 890DE3BC290DA4CC00C6F86C /* PBXContainerItemProxy */;
		};
/* End PBXTargetDependency section */

/* Begin PBXVariantGroup section */
		890DE3A4290DA12C00C6F86C /* Main.storyboard */ = {
			isa = PBXVariantGroup;
			children = (
				890DE3A5290DA12C00C6F86C /* Base */,
			);
			name = Main.storyboard;
			sourceTree = "<group>";
		};
		890DE3A9290DA12F00C6F86C /* LaunchScreen.storyboard */ = {
			isa = PBXVariantGroup;
			children = (
				890DE3AA290DA12F00C6F86C /* Base */,
			);
			name = LaunchScreen.storyboard;
			sourceTree = "<group>";
		};
/* End PBXVariantGroup section */

/* Begin XCBuildConfiguration section */
		890DE3AD290DA12F00C6F86C /* Debug */ = {
			isa = XCBuildConfiguration;
			buildSettings = {
				ALWAYS_SEARCH_USER_PATHS = NO;
				CLANG_ANALYZER_NONNULL = YES;
				CLANG_ANALYZER_NUMBER_OBJECT_CONVERSION = YES_AGGRESSIVE;
				CLANG_CXX_LANGUAGE_STANDARD = "gnu++20";
				CLANG_ENABLE_MODULES = YES;
				CLANG_ENABLE_OBJC_ARC = YES;
				CLANG_ENABLE_OBJC_WEAK = YES;
				CLANG_WARN_BLOCK_CAPTURE_AUTORELEASING = YES;
				CLANG_WARN_BOOL_CONVERSION = YES;
				CLANG_WARN_COMMA = YES;
				CLANG_WARN_CONSTANT_CONVERSION = YES;
				CLANG_WARN_DEPRECATED_OBJC_IMPLEMENTATIONS = YES;
				CLANG_WARN_DIRECT_OBJC_ISA_USAGE = YES_ERROR;
				CLANG_WARN_DOCUMENTATION_COMMENTS = YES;
				CLANG_WARN_EMPTY_BODY = YES;
				CLANG_WARN_ENUM_CONVERSION = YES;
				CLANG_WARN_INFINITE_RECURSION = YES;
				CLANG_WARN_INT_CONVERSION = YES;
				CLANG_WARN_NON_LITERAL_NULL_CONVERSION = YES;
				CLANG_WARN_OBJC_IMPLICIT_RETAIN_SELF = YES;
				CLANG_WARN_OBJC_LITERAL_CONVERSION = YES;
				CLANG_WARN_OBJC_ROOT_CLASS = YES_ERROR;
				CLANG_WARN_QUOTED_INCLUDE_IN_FRAMEWORK_HEADER = YES;
				CLANG_WARN_RANGE_LOOP_ANALYSIS = YES;
				CLANG_WARN_STRICT_PROTOTYPES = YES;
				CLANG_WARN_SUSPICIOUS_MOVE = YES;
				CLANG_WARN_UNGUARDED_AVAILABILITY = YES_AGGRESSIVE;
				CLANG_WARN_UNREACHABLE_CODE = YES;
				CLANG_WARN__DUPLICATE_METHOD_MATCH = YES;
				COPY_PHASE_STRIP = NO;
				DEBUG_INFORMATION_FORMAT = dwarf;
				ENABLE_STRICT_OBJC_MSGSEND = YES;
				ENABLE_TESTABILITY = YES;
				GCC_C_LANGUAGE_STANDARD = gnu11;
				GCC_DYNAMIC_NO_PIC = NO;
				GCC_NO_COMMON_BLOCKS = YES;
				GCC_OPTIMIZATION_LEVEL = 0;
				GCC_PREPROCESSOR_DEFINITIONS = (
					"DEBUG=1",
					"$(inherited)",
				);
				GCC_WARN_64_TO_32_BIT_CONVERSION = YES;
				GCC_WARN_ABOUT_RETURN_TYPE = YES_ERROR;
				GCC_WARN_UNDECLARED_SELECTOR = YES;
				GCC_WARN_UNINITIALIZED_AUTOS = YES_AGGRESSIVE;
				GCC_WARN_UNUSED_FUNCTION = YES;
				GCC_WARN_UNUSED_VARIABLE = YES;
				IPHONEOS_DEPLOYMENT_TARGET = 16.0;
				MTL_ENABLE_DEBUG_INFO = INCLUDE_SOURCE;
				MTL_FAST_MATH = YES;
				ONLY_ACTIVE_ARCH = YES;
				SDKROOT = iphoneos;
				SWIFT_ACTIVE_COMPILATION_CONDITIONS = DEBUG;
				SWIFT_OPTIMIZATION_LEVEL = "-Onone";
			};
			name = Debug;
		};
		890DE3AE290DA12F00C6F86C /* Release */ = {
			isa = XCBuildConfiguration;
			buildSettings = {
				ALWAYS_SEARCH_USER_PATHS = NO;
				CLANG_ANALYZER_NONNULL = YES;
				CLANG_ANALYZER_NUMBER_OBJECT_CONVERSION = YES_AGGRESSIVE;
				CLANG_CXX_LANGUAGE_STANDARD = "gnu++20";
				CLANG_ENABLE_MODULES = YES;
				CLANG_ENABLE_OBJC_ARC = YES;
				CLANG_ENABLE_OBJC_WEAK = YES;
				CLANG_WARN_BLOCK_CAPTURE_AUTORELEASING = YES;
				CLANG_WARN_BOOL_CONVERSION = YES;
				CLANG_WARN_COMMA = YES;
				CLANG_WARN_CONSTANT_CONVERSION = YES;
				CLANG_WARN_DEPRECATED_OBJC_IMPLEMENTATIONS = YES;
				CLANG_WARN_DIRECT_OBJC_ISA_USAGE = YES_ERROR;
				CLANG_WARN_DOCUMENTATION_COMMENTS = YES;
				CLANG_WARN_EMPTY_BODY = YES;
				CLANG_WARN_ENUM_CONVERSION = YES;
				CLANG_WARN_INFINITE_RECURSION = YES;
				CLANG_WARN_INT_CONVERSION = YES;
				CLANG_WARN_NON_LITERAL_NULL_CONVERSION = YES;
				CLANG_WARN_OBJC_IMPLICIT_RETAIN_SELF = YES;
				CLANG_WARN_OBJC_LITERAL_CONVERSION = YES;
				CLANG_WARN_OBJC_ROOT_CLASS = YES_ERROR;
				CLANG_WARN_QUOTED_INCLUDE_IN_FRAMEWORK_HEADER = YES;
				CLANG_WARN_RANGE_LOOP_ANALYSIS = YES;
				CLANG_WARN_STRICT_PROTOTYPES = YES;
				CLANG_WARN_SUSPICIOUS_MOVE = YES;
				CLANG_WARN_UNGUARDED_AVAILABILITY = YES_AGGRESSIVE;
				CLANG_WARN_UNREACHABLE_CODE = YES;
				CLANG_WARN__DUPLICATE_METHOD_MATCH = YES;
				COPY_PHASE_STRIP = NO;
				DEBUG_INFORMATION_FORMAT = "dwarf-with-dsym";
				ENABLE_NS_ASSERTIONS = NO;
				ENABLE_STRICT_OBJC_MSGSEND = YES;
				GCC_C_LANGUAGE_STANDARD = gnu11;
				GCC_NO_COMMON_BLOCKS = YES;
				GCC_WARN_64_TO_32_BIT_CONVERSION = YES;
				GCC_WARN_ABOUT_RETURN_TYPE = YES_ERROR;
				GCC_WARN_UNDECLARED_SELECTOR = YES;
				GCC_WARN_UNINITIALIZED_AUTOS = YES_AGGRESSIVE;
				GCC_WARN_UNUSED_FUNCTION = YES;
				GCC_WARN_UNUSED_VARIABLE = YES;
				IPHONEOS_DEPLOYMENT_TARGET = 16.0;
				MTL_ENABLE_DEBUG_INFO = NO;
				MTL_FAST_MATH = YES;
				SDKROOT = iphoneos;
				SWIFT_COMPILATION_MODE = wholemodule;
				SWIFT_OPTIMIZATION_LEVEL = "-O";
				VALIDATE_PRODUCT = YES;
			};
			name = Release;
		};
		890DE3B0290DA12F00C6F86C /* Debug */ = {
			isa = XCBuildConfiguration;
			buildSettings = {
				ASSETCATALOG_COMPILER_APPICON_NAME = AppIcon;
				ASSETCATALOG_COMPILER_GLOBAL_ACCENT_COLOR_NAME = AccentColor;
				CODE_SIGN_STYLE = Automatic;
				CURRENT_PROJECT_VERSION = 1;
				DEVELOPMENT_TEAM = CWWB8679GU;
				GENERATE_INFOPLIST_FILE = YES;
				INFOPLIST_FILE = iOSUnitTest/Info.plist;
				INFOPLIST_KEY_UIApplicationSupportsIndirectInputEvents = YES;
				INFOPLIST_KEY_UILaunchStoryboardName = LaunchScreen;
				INFOPLIST_KEY_UIMainStoryboardFile = Main;
				INFOPLIST_KEY_UISupportedInterfaceOrientations_iPad = "UIInterfaceOrientationPortrait UIInterfaceOrientationPortraitUpsideDown UIInterfaceOrientationLandscapeLeft UIInterfaceOrientationLandscapeRight";
				INFOPLIST_KEY_UISupportedInterfaceOrientations_iPhone = "UIInterfaceOrientationPortrait UIInterfaceOrientationLandscapeLeft UIInterfaceOrientationLandscapeRight";
				LD_RUNPATH_SEARCH_PATHS = (
					"$(inherited)",
					"@executable_path/Frameworks",
				);
				MARKETING_VERSION = 1.0;
				PRODUCT_BUNDLE_IDENTIFIER = com.angelcomp.iOSUnitTest;
				PRODUCT_NAME = "$(TARGET_NAME)";
				SWIFT_EMIT_LOC_STRINGS = YES;
				SWIFT_VERSION = 5.0;
				TARGETED_DEVICE_FAMILY = "1,2";
			};
			name = Debug;
		};
		890DE3B1290DA12F00C6F86C /* Release */ = {
			isa = XCBuildConfiguration;
			buildSettings = {
				ASSETCATALOG_COMPILER_APPICON_NAME = AppIcon;
				ASSETCATALOG_COMPILER_GLOBAL_ACCENT_COLOR_NAME = AccentColor;
				CODE_SIGN_STYLE = Automatic;
				CURRENT_PROJECT_VERSION = 1;
				DEVELOPMENT_TEAM = CWWB8679GU;
				GENERATE_INFOPLIST_FILE = YES;
				INFOPLIST_FILE = iOSUnitTest/Info.plist;
				INFOPLIST_KEY_UIApplicationSupportsIndirectInputEvents = YES;
				INFOPLIST_KEY_UILaunchStoryboardName = LaunchScreen;
				INFOPLIST_KEY_UIMainStoryboardFile = Main;
				INFOPLIST_KEY_UISupportedInterfaceOrientations_iPad = "UIInterfaceOrientationPortrait UIInterfaceOrientationPortraitUpsideDown UIInterfaceOrientationLandscapeLeft UIInterfaceOrientationLandscapeRight";
				INFOPLIST_KEY_UISupportedInterfaceOrientations_iPhone = "UIInterfaceOrientationPortrait UIInterfaceOrientationLandscapeLeft UIInterfaceOrientationLandscapeRight";
				LD_RUNPATH_SEARCH_PATHS = (
					"$(inherited)",
					"@executable_path/Frameworks",
				);
				MARKETING_VERSION = 1.0;
				PRODUCT_BUNDLE_IDENTIFIER = com.angelcomp.iOSUnitTest;
				PRODUCT_NAME = "$(TARGET_NAME)";
				SWIFT_EMIT_LOC_STRINGS = YES;
				SWIFT_VERSION = 5.0;
				TARGETED_DEVICE_FAMILY = "1,2";
			};
			name = Release;
		};
		890DE3BF290DA4CC00C6F86C /* Debug */ = {
			isa = XCBuildConfiguration;
			buildSettings = {
				BUNDLE_LOADER = "$(TEST_HOST)";
				CODE_SIGN_STYLE = Automatic;
				CURRENT_PROJECT_VERSION = 1;
				DEVELOPMENT_TEAM = CWWB8679GU;
				GENERATE_INFOPLIST_FILE = YES;
				IPHONEOS_DEPLOYMENT_TARGET = 16.0;
				MACOSX_DEPLOYMENT_TARGET = 12.3;
				MARKETING_VERSION = 1.0;
				PRODUCT_BUNDLE_IDENTIFIER = com.angelcomp.iOSUnitTestTests;
				PRODUCT_NAME = "$(TARGET_NAME)";
				SDKROOT = auto;
				SUPPORTED_PLATFORMS = "iphoneos iphonesimulator macosx";
				SWIFT_EMIT_LOC_STRINGS = NO;
				SWIFT_VERSION = 5.0;
				TARGETED_DEVICE_FAMILY = "1,2";
				TEST_HOST = "$(BUILT_PRODUCTS_DIR)/iOSUnitTest.app/$(BUNDLE_EXECUTABLE_FOLDER_PATH)/iOSUnitTest";
			};
			name = Debug;
		};
		890DE3C0290DA4CC00C6F86C /* Release */ = {
			isa = XCBuildConfiguration;
			buildSettings = {
				BUNDLE_LOADER = "$(TEST_HOST)";
				CODE_SIGN_STYLE = Automatic;
				CURRENT_PROJECT_VERSION = 1;
				DEVELOPMENT_TEAM = CWWB8679GU;
				GENERATE_INFOPLIST_FILE = YES;
				IPHONEOS_DEPLOYMENT_TARGET = 16.0;
				MACOSX_DEPLOYMENT_TARGET = 12.3;
				MARKETING_VERSION = 1.0;
				PRODUCT_BUNDLE_IDENTIFIER = com.angelcomp.iOSUnitTestTests;
				PRODUCT_NAME = "$(TARGET_NAME)";
				SDKROOT = auto;
				SUPPORTED_PLATFORMS = "iphoneos iphonesimulator macosx";
				SWIFT_EMIT_LOC_STRINGS = NO;
				SWIFT_VERSION = 5.0;
				TARGETED_DEVICE_FAMILY = "1,2";
				TEST_HOST = "$(BUILT_PRODUCTS_DIR)/iOSUnitTest.app/$(BUNDLE_EXECUTABLE_FOLDER_PATH)/iOSUnitTest";
			};
			name = Release;
		};
/* End XCBuildConfiguration section */

/* Begin XCConfigurationList section */
		890DE396290DA12B00C6F86C /* Build configuration list for PBXProject "iOSUnitTest" */ = {
			isa = XCConfigurationList;
			buildConfigurations = (
				890DE3AD290DA12F00C6F86C /* Debug */,
				890DE3AE290DA12F00C6F86C /* Release */,
			);
			defaultConfigurationIsVisible = 0;
			defaultConfigurationName = Release;
		};
		890DE3AF290DA12F00C6F86C /* Build configuration list for PBXNativeTarget "iOSUnitTest" */ = {
			isa = XCConfigurationList;
			buildConfigurations = (
				890DE3B0290DA12F00C6F86C /* Debug */,
				890DE3B1290DA12F00C6F86C /* Release */,
			);
			defaultConfigurationIsVisible = 0;
			defaultConfigurationName = Release;
		};
		890DE3BE290DA4CC00C6F86C /* Build configuration list for PBXNativeTarget "iOSUnitTestTests" */ = {
			isa = XCConfigurationList;
			buildConfigurations = (
				890DE3BF290DA4CC00C6F86C /* Debug */,
				890DE3C0290DA4CC00C6F86C /* Release */,
			);
			defaultConfigurationIsVisible = 0;
			defaultConfigurationName = Release;
		};
/* End XCConfigurationList section */
	};
	rootObject = 890DE393290DA12B00C6F86C /* Project object */;
}
